
Microsoft Visual Studio Solution File, Format Version 12.00
# Visual Studio Version 16
VisualStudioVersion = 16.0.30717.126
MinimumVisualStudioVersion = 10.0.40219.1
Project("{2150E333-8FDC-42A3-9474-1A3956D46DE8}") = "SimpleCrud", "SimpleCrud", "{6955C3D3-F92C-4CA4-A218-B08BDC277FC6}"
EndProject
Project("{9A19103F-16F7-4668-BE54-9A1E7A4F7556}") = "Kholupov.Diploma.SimpleCrud", "src\Kholupov.Diploma.SimpleCrud\Kholupov.Diploma.SimpleCrud.csproj", "{D08F9E5F-21A4-4ECD-A3E6-07FC1097B59B}"
EndProject
Project("{2150E333-8FDC-42A3-9474-1A3956D46DE8}") = "TodoApp", "TodoApp", "{513EDCB7-78B8-4801-BCBC-9224DE3B26EE}"
EndProject
Project("{9A19103F-16F7-4668-BE54-9A1E7A4F7556}") = "Kholupov.Diploma.TodoApp", "src\Kholupov.Diploma.TodoApp\Kholupov.Diploma.TodoApp.csproj", "{DF045390-7EB4-4C16-B086-B57B1583ACCE}"
EndProject
Project("{2150E333-8FDC-42A3-9474-1A3956D46DE8}") = "BookApp", "BookApp", "{74A6D3A5-2A18-4B79-9384-0170EA877CEE}"
EndProject
Project("{9A19103F-16F7-4668-BE54-9A1E7A4F7556}") = "Kholupov.Diploma.BookApp", "src\Kholupov.Diploma.BookApp\Kholupov.Diploma.BookApp.csproj", "{D0D76D22-36AD-47E6-BB29-EFDC9B4B067D}"
EndProject
Project("{2150E333-8FDC-42A3-9474-1A3956D46DE8}") = "EmployeeRegisterApp", "EmployeeRegisterApp", "{229D88AE-AFEE-4E94-A6ED-D71F8C1FB0C9}"
EndProject
Project("{9A19103F-16F7-4668-BE54-9A1E7A4F7556}") = "Kholupov.Diploma.EmployeeRegisterApp", "src\EmployeeRegisterApp\Kholupov.Diploma.EmployeeRegisterApp\Kholupov.Diploma.EmployeeRegisterApp.csproj", "{09BE34B6-D6AF-482E-8DA5-3A147C1C1037}"
EndProject
Project("{2150E333-8FDC-42A3-9474-1A3956D46DE8}") = "UserAuthenticationApp", "UserAuthenticationApp", "{958217DD-6058-42FE-8073-DDE1432D5F6F}"
EndProject
Project("{9A19103F-16F7-4668-BE54-9A1E7A4F7556}") = "Kholupov.Diploma.UserAuthenticationApp", "src\UserAuthenticationApp\Kholupov.Diploma.UserAuthenticationApp\Kholupov.Diploma.UserAuthenticationApp.csproj", "{5EA0D90B-4B1E-46A1-AD5F-691EA141E653}"
EndProject
Global
	GlobalSection(SolutionConfigurationPlatforms) = preSolution
		Debug|Any CPU = Debug|Any CPU
		Release|Any CPU = Release|Any CPU
	EndGlobalSection
	GlobalSection(ProjectConfigurationPlatforms) = postSolution
		{D08F9E5F-21A4-4ECD-A3E6-07FC1097B59B}.Debug|Any CPU.ActiveCfg = Debug|Any CPU
		{D08F9E5F-21A4-4ECD-A3E6-07FC1097B59B}.Debug|Any CPU.Build.0 = Debug|Any CPU
		{D08F9E5F-21A4-4ECD-A3E6-07FC1097B59B}.Release|Any CPU.ActiveCfg = Release|Any CPU
		{D08F9E5F-21A4-4ECD-A3E6-07FC1097B59B}.Release|Any CPU.Build.0 = Release|Any CPU
		{DF045390-7EB4-4C16-B086-B57B1583ACCE}.Debug|Any CPU.ActiveCfg = Debug|Any CPU
		{DF045390-7EB4-4C16-B086-B57B1583ACCE}.Debug|Any CPU.Build.0 = Debug|Any CPU
		{DF045390-7EB4-4C16-B086-B57B1583ACCE}.Release|Any CPU.ActiveCfg = Release|Any CPU
		{DF045390-7EB4-4C16-B086-B57B1583ACCE}.Release|Any CPU.Build.0 = Release|Any CPU
		{D0D76D22-36AD-47E6-BB29-EFDC9B4B067D}.Debug|Any CPU.ActiveCfg = Debug|Any CPU
		{D0D76D22-36AD-47E6-BB29-EFDC9B4B067D}.Debug|Any CPU.Build.0 = Debug|Any CPU
		{D0D76D22-36AD-47E6-BB29-EFDC9B4B067D}.Release|Any CPU.ActiveCfg = Release|Any CPU
		{D0D76D22-36AD-47E6-BB29-EFDC9B4B067D}.Release|Any CPU.Build.0 = Release|Any CPU
		{09BE34B6-D6AF-482E-8DA5-3A147C1C1037}.Debug|Any CPU.ActiveCfg = Debug|Any CPU
		{09BE34B6-D6AF-482E-8DA5-3A147C1C1037}.Debug|Any CPU.Build.0 = Debug|Any CPU
		{09BE34B6-D6AF-482E-8DA5-3A147C1C1037}.Release|Any CPU.ActiveCfg = Release|Any CPU
		{09BE34B6-D6AF-482E-8DA5-3A147C1C1037}.Release|Any CPU.Build.0 = Release|Any CPU
		{5EA0D90B-4B1E-46A1-AD5F-691EA141E653}.Debug|Any CPU.ActiveCfg = Debug|Any CPU
		{5EA0D90B-4B1E-46A1-AD5F-691EA141E653}.Debug|Any CPU.Build.0 = Debug|Any CPU
		{5EA0D90B-4B1E-46A1-AD5F-691EA141E653}.Release|Any CPU.ActiveCfg = Release|Any CPU
		{5EA0D90B-4B1E-46A1-AD5F-691EA141E653}.Release|Any CPU.Build.0 = Release|Any CPU
	EndGlobalSection
	GlobalSection(SolutionProperties) = preSolution
		HideSolutionNode = FALSE
	EndGlobalSection
	GlobalSection(NestedProjects) = preSolution
		{D08F9E5F-21A4-4ECD-A3E6-07FC1097B59B} = {6955C3D3-F92C-4CA4-A218-B08BDC277FC6}
		{DF045390-7EB4-4C16-B086-B57B1583ACCE} = {513EDCB7-78B8-4801-BCBC-9224DE3B26EE}
		{D0D76D22-36AD-47E6-BB29-EFDC9B4B067D} = {74A6D3A5-2A18-4B79-9384-0170EA877CEE}
		{09BE34B6-D6AF-482E-8DA5-3A147C1C1037} = {229D88AE-AFEE-4E94-A6ED-D71F8C1FB0C9}
		{5EA0D90B-4B1E-46A1-AD5F-691EA141E653} = {958217DD-6058-42FE-8073-DDE1432D5F6F}
	EndGlobalSection
	GlobalSection(ExtensibilityGlobals) = postSolution
		SolutionGuid = {66356981-BC52-421E-BBA1-0DB1D0D2330F}
	EndGlobalSection
EndGlobal
